
Microsoft Visual Studio Solution File, Format Version 12.00
# Visual Studio Version 17
VisualStudioVersion = 17.11.35303.130
MinimumVisualStudioVersion = 10.0.40219.1
Project("{8BC9CEB8-8B4A-11D0-8D11-00A0C91BC942}") = "lab5", "lab5\lab5.vcxproj", "{9F21F42F-12DB-4FAA-9D40-37E5FECC42A4}"
EndProject
Global
	GlobalSection(SolutionConfigurationPlatforms) = preSolution
		Debug|ARM64 = Debug|ARM64
		Debug|x64 = Debug|x64
		Debug|x86 = Debug|x86
		Release|ARM64 = Release|ARM64
		Release|x64 = Release|x64
		Release|x86 = Release|x86
	EndGlobalSection
	GlobalSection(ProjectConfigurationPlatforms) = postSolution
		{9F21F42F-12DB-4FAA-9D40-37E5FECC42A4}.Debug|ARM64.ActiveCfg = Debug|ARM64
		{9F21F42F-12DB-4FAA-9D40-37E5FECC42A4}.Debug|ARM64.Build.0 = Debug|ARM64
		{9F21F42F-12DB-4FAA-9D40-37E5FECC42A4}.Debug|x64.ActiveCfg = Debug|x64
		{9F21F42F-12DB-4FAA-9D40-37E5FECC42A4}.Debug|x64.Build.0 = Debug|x64
		{9F21F42F-12DB-4FAA-9D40-37E5FECC42A4}.Debug|x86.ActiveCfg = Debug|Win32
		{9F21F42F-12DB-4FAA-9D40-37E5FECC42A4}.Debug|x86.Build.0 = Debug|Win32
		{9F21F42F-12DB-4FAA-9D40-37E5FECC42A4}.Release|ARM64.ActiveCfg = Release|ARM64
		{9F21F42F-12DB-4FAA-9D40-37E5FECC42A4}.Release|ARM64.Build.0 = Release|ARM64
		{9F21F42F-12DB-4FAA-9D40-37E5FECC42A4}.Release|x64.ActiveCfg = Release|x64
		{9F21F42F-12DB-4FAA-9D40-37E5FECC42A4}.Release|x64.Build.0 = Release|x64
		{9F21F42F-12DB-4FAA-9D40-37E5FECC42A4}.Release|x86.ActiveCfg = Release|Win32
		{9F21F42F-12DB-4FAA-9D40-37E5FECC42A4}.Release|x86.Build.0 = Release|Win32
	EndGlobalSection
	GlobalSection(SolutionProperties) = preSolution
		HideSolutionNode = FALSE
	EndGlobalSection
	GlobalSection(ExtensibilityGlobals) = postSolution
		SolutionGuid = {54D660FF-68EF-44E6-88AE-3B4D7CA9B046}
	EndGlobalSection
EndGlobal
